// !$*UTF8*$!
{
	archiveVersion = 1;
	classes = {
	};
	objectVersion = 50;
	objects = {

/* Begin PBXBuildFile section */
		A743A13B23F02081004FF69B /* AppDelegate.swift in Sources */ = {isa = PBXBuildFile; fileRef = A743A13A23F02081004FF69B /* AppDelegate.swift */; };
		A743A13D23F02081004FF69B /* SceneDelegate.swift in Sources */ = {isa = PBXBuildFile; fileRef = A743A13C23F02081004FF69B /* SceneDelegate.swift */; };
		A743A13F23F02081004FF69B /* ViewController.swift in Sources */ = {isa = PBXBuildFile; fileRef = A743A13E23F02081004FF69B /* ViewController.swift */; };
		A743A14223F02081004FF69B /* Main.storyboard in Resources */ = {isa = PBXBuildFile; fileRef = A743A14023F02081004FF69B /* Main.storyboard */; };
		A743A14423F0208A004FF69B /* Assets.xcassets in Resources */ = {isa = PBXBuildFile; fileRef = A743A14323F0208A004FF69B /* Assets.xcassets */; };
		A743A14723F0208A004FF69B /* LaunchScreen.storyboard in Resources */ = {isa = PBXBuildFile; fileRef = A743A14523F0208A004FF69B /* LaunchScreen.storyboard */; };
		A743A14F23F03371004FF69B /* struct_user.swift in Sources */ = {isa = PBXBuildFile; fileRef = A743A14E23F03371004FF69B /* struct_user.swift */; };
/* End PBXBuildFile section */

/* Begin PBXFileReference section */
		A743A13723F02081004FF69B /* rush00.app */ = {isa = PBXFileReference; explicitFileType = wrapper.application; includeInIndex = 0; path = rush00.app; sourceTree = BUILT_PRODUCTS_DIR; };
		A743A13A23F02081004FF69B /* AppDelegate.swift */ = {isa = PBXFileReference; lastKnownFileType = sourcecode.swift; path = AppDelegate.swift; sourceTree = "<group>"; };
		A743A13C23F02081004FF69B /* SceneDelegate.swift */ = {isa = PBXFileReference; lastKnownFileType = sourcecode.swift; path = SceneDelegate.swift; sourceTree = "<group>"; };
		A743A13E23F02081004FF69B /* ViewController.swift */ = {isa = PBXFileReference; lastKnownFileType = sourcecode.swift; path = ViewController.swift; sourceTree = "<group>"; };
		A743A14123F02081004FF69B /* Base */ = {isa = PBXFileReference; lastKnownFileType = file.storyboard; name = Base; path = Base.lproj/Main.storyboard; sourceTree = "<group>"; };
		A743A14323F0208A004FF69B /* Assets.xcassets */ = {isa = PBXFileReference; lastKnownFileType = folder.assetcatalog; path = Assets.xcassets; sourceTree = "<group>"; };
		A743A14623F0208A004FF69B /* Base */ = {isa = PBXFileReference; lastKnownFileType = file.storyboard; name = Base; path = Base.lproj/LaunchScreen.storyboard; sourceTree = "<group>"; };
		A743A14823F0208B004FF69B /* Info.plist */ = {isa = PBXFileReference; lastKnownFileType = text.plist.xml; path = Info.plist; sourceTree = "<group>"; };
		A743A14E23F03371004FF69B /* struct_user.swift */ = {isa = PBXFileReference; lastKnownFileType = sourcecode.swift; path = struct_user.swift; sourceTree = "<group>"; };
/* End PBXFileReference section */

/* Begin PBXFrameworksBuildPhase section */
		A743A13423F02081004FF69B /* Frameworks */ = {
			isa = PBXFrameworksBuildPhase;
			buildActionMask = 2147483647;
			files = (
			);
			runOnlyForDeploymentPostprocessing = 0;
		};
/* End PBXFrameworksBuildPhase section */

/* Begin PBXGroup section */
		A743A12E23F02081004FF69B = {
			isa = PBXGroup;
			children = (
				A743A13923F02081004FF69B /* rush00 */,
				A743A13823F02081004FF69B /* Products */,
			);
			sourceTree = "<group>";
		};
		A743A13823F02081004FF69B /* Products */ = {
			isa = PBXGroup;
			children = (
				A743A13723F02081004FF69B /* rush00.app */,
			);
			name = Products;
			sourceTree = "<group>";
		};
		A743A13923F02081004FF69B /* rush00 */ = {
			isa = PBXGroup;
			children = (
				A743A13A23F02081004FF69B /* AppDelegate.swift */,
				A743A13C23F02081004FF69B /* SceneDelegate.swift */,
				A743A13E23F02081004FF69B /* ViewController.swift */,
				A743A14023F02081004FF69B /* Main.storyboard */,
				A743A14E23F03371004FF69B /* struct_user.swift */,
				A743A14323F0208A004FF69B /* Assets.xcassets */,
				A743A14523F0208A004FF69B /* LaunchScreen.storyboard */,
				A743A14823F0208B004FF69B /* Info.plist */,
			);
			path = rush00;
			sourceTree = "<group>";
		};
/* End PBXGroup section */

/* Begin PBXNativeTarget section */
		A743A13623F02081004FF69B /* rush00 */ = {
			isa = PBXNativeTarget;
			buildConfigurationList = A743A14B23F0208B004FF69B /* Build configuration list for PBXNativeTarget "rush00" */;
			buildPhases = (
				A743A13323F02081004FF69B /* Sources */,
				A743A13423F02081004FF69B /* Frameworks */,
				A743A13523F02081004FF69B /* Resources */,
			);
			buildRules = (
			);
			dependencies = (
			);
			name = rush00;
			productName = rush00;
			productReference = A743A13723F02081004FF69B /* rush00.app */;
			productType = "com.apple.product-type.application";
		};
/* End PBXNativeTarget section */

/* Begin PBXProject section */
		A743A12F23F02081004FF69B /* Project object */ = {
			isa = PBXProject;
			attributes = {
				LastSwiftUpdateCheck = 1130;
				LastUpgradeCheck = 1130;
				ORGANIZATIONNAME = "Maksym SALIUTA";
				TargetAttributes = {
					A743A13623F02081004FF69B = {
						CreatedOnToolsVersion = 11.3;
					};
				};
			};
			buildConfigurationList = A743A13223F02081004FF69B /* Build configuration list for PBXProject "rush00" */;
			compatibilityVersion = "Xcode 9.3";
			developmentRegion = en;
			hasScannedForEncodings = 0;
			knownRegions = (
				en,
				Base,
			);
			mainGroup = A743A12E23F02081004FF69B;
			productRefGroup = A743A13823F02081004FF69B /* Products */;
			projectDirPath = "";
			projectRoot = "";
			targets = (
				A743A13623F02081004FF69B /* rush00 */,
			);
		};
/* End PBXProject section */

/* Begin PBXResourcesBuildPhase section */
		A743A13523F02081004FF69B /* Resources */ = {
			isa = PBXResourcesBuildPhase;
			buildActionMask = 2147483647;
			files = (
				A743A14723F0208A004FF69B /* LaunchScreen.storyboard in Resources */,
				A743A14423F0208A004FF69B /* Assets.xcassets in Resources */,
				A743A14223F02081004FF69B /* Main.storyboard in Resources */,
			);
			runOnlyForDeploymentPostprocessing = 0;
		};
/* End PBXResourcesBuildPhase section */

/* Begin PBXSourcesBuildPhase section */
		A743A13323F02081004FF69B /* Sources */ = {
			isa = PBXSourcesBuildPhase;
			buildActionMask = 2147483647;
			files = (
				A743A13F23F02081004FF69B /* ViewController.swift in Sources */,
				A743A14F23F03371004FF69B /* struct_user.swift in Sources */,
				A743A13B23F02081004FF69B /* AppDelegate.swift in Sources */,
				A743A13D23F02081004FF69B /* SceneDelegate.swift in Sources */,
			);
			runOnlyForDeploymentPostprocessing = 0;
		};
/* End PBXSourcesBuildPhase section */

/* Begin PBXVariantGroup section */
		A743A14023F02081004FF69B /* Main.storyboard */ = {
			isa = PBXVariantGroup;
			children = (
				A743A14123F02081004FF69B /* Base */,
			);
			name = Main.storyboard;
			sourceTree = "<group>";
		};
		A743A14523F0208A004FF69B /* LaunchScreen.storyboard */ = {
			isa = PBXVariantGroup;
			children = (
				A743A14623F0208A004FF69B /* Base */,
			);
			name = LaunchScreen.storyboard;
			sourceTree = "<group>";
		};
/* End PBXVariantGroup section */

/* Begin XCBuildConfiguration section */
		A743A14923F0208B004FF69B /* Debug */ = {
			isa = XCBuildConfiguration;
			buildSettings = {
				ALWAYS_SEARCH_USER_PATHS = NO;
				CLANG_ANALYZER_NONNULL = YES;
				CLANG_ANALYZER_NUMBER_OBJECT_CONVERSION = YES_AGGRESSIVE;
				CLANG_CXX_LANGUAGE_STANDARD = "gnu++14";
				CLANG_CXX_LIBRARY = "libc++";
				CLANG_ENABLE_MODULES = YES;
				CLANG_ENABLE_OBJC_ARC = YES;
				CLANG_ENABLE_OBJC_WEAK = YES;
				CLANG_WARN_BLOCK_CAPTURE_AUTORELEASING = YES;
				CLANG_WARN_BOOL_CONVERSION = YES;
				CLANG_WARN_COMMA = YES;
				CLANG_WARN_CONSTANT_CONVERSION = YES;
				CLANG_WARN_DEPRECATED_OBJC_IMPLEMENTATIONS = YES;
				CLANG_WARN_DIRECT_OBJC_ISA_USAGE = YES_ERROR;
				CLANG_WARN_DOCUMENTATION_COMMENTS = YES;
				CLANG_WARN_EMPTY_BODY = YES;
				CLANG_WARN_ENUM_CONVERSION = YES;
				CLANG_WARN_INFINITE_RECURSION = YES;
				CLANG_WARN_INT_CONVERSION = YES;
				CLANG_WARN_NON_LITERAL_NULL_CONVERSION = YES;
				CLANG_WARN_OBJC_IMPLICIT_RETAIN_SELF = YES;
				CLANG_WARN_OBJC_LITERAL_CONVERSION = YES;
				CLANG_WARN_OBJC_ROOT_CLASS = YES_ERROR;
				CLANG_WARN_RANGE_LOOP_ANALYSIS = YES;
				CLANG_WARN_STRICT_PROTOTYPES = YES;
				CLANG_WARN_SUSPICIOUS_MOVE = YES;
				CLANG_WARN_UNGUARDED_AVAILABILITY = YES_AGGRESSIVE;
				CLANG_WARN_UNREACHABLE_CODE = YES;
				CLANG_WARN__DUPLICATE_METHOD_MATCH = YES;
				COPY_PHASE_STRIP = NO;
				DEBUG_INFORMATION_FORMAT = dwarf;
				ENABLE_STRICT_OBJC_MSGSEND = YES;
				ENABLE_TESTABILITY = YES;
				GCC_C_LANGUAGE_STANDARD = gnu11;
				GCC_DYNAMIC_NO_PIC = NO;
				GCC_NO_COMMON_BLOCKS = YES;
				GCC_OPTIMIZATION_LEVEL = 0;
				GCC_PREPROCESSOR_DEFINITIONS = (
					"DEBUG=1",
					"$(inherited)",
				);
				GCC_WARN_64_TO_32_BIT_CONVERSION = YES;
				GCC_WARN_ABOUT_RETURN_TYPE = YES_ERROR;
				GCC_WARN_UNDECLARED_SELECTOR = YES;
				GCC_WARN_UNINITIALIZED_AUTOS = YES_AGGRESSIVE;
				GCC_WARN_UNUSED_FUNCTION = YES;
				GCC_WARN_UNUSED_VARIABLE = YES;
				IPHONEOS_DEPLOYMENT_TARGET = 13.2;
				MTL_ENABLE_DEBUG_INFO = INCLUDE_SOURCE;
				MTL_FAST_MATH = YES;
				ONLY_ACTIVE_ARCH = YES;
				SDKROOT = iphoneos;
				SWIFT_ACTIVE_COMPILATION_CONDITIONS = DEBUG;
				SWIFT_OPTIMIZATION_LEVEL = "-Onone";
			};
			name = Debug;
		};
		A743A14A23F0208B004FF69B /* Release */ = {
			isa = XCBuildConfiguration;
			buildSettings = {
				ALWAYS_SEARCH_USER_PATHS = NO;
				CLANG_ANALYZER_NONNULL = YES;
				CLANG_ANALYZER_NUMBER_OBJECT_CONVERSION = YES_AGGRESSIVE;
				CLANG_CXX_LANGUAGE_STANDARD = "gnu++14";
				CLANG_CXX_LIBRARY = "libc++";
				CLANG_ENABLE_MODULES = YES;
				CLANG_ENABLE_OBJC_ARC = YES;
				CLANG_ENABLE_OBJC_WEAK = YES;
				CLANG_WARN_BLOCK_CAPTURE_AUTORELEASING = YES;
				CLANG_WARN_BOOL_CONVERSION = YES;
				CLANG_WARN_COMMA = YES;
				CLANG_WARN_CONSTANT_CONVERSION = YES;
				CLANG_WARN_DEPRECATED_OBJC_IMPLEMENTATIONS = YES;
				CLANG_WARN_DIRECT_OBJC_ISA_USAGE = YES_ERROR;
				CLANG_WARN_DOCUMENTATION_COMMENTS = YES;
				CLANG_WARN_EMPTY_BODY = YES;
				CLANG_WARN_ENUM_CONVERSION = YES;
				CLANG_WARN_INFINITE_RECURSION = YES;
				CLANG_WARN_INT_CONVERSION = YES;
				CLANG_WARN_NON_LITERAL_NULL_CONVERSION = YES;
				CLANG_WARN_OBJC_IMPLICIT_RETAIN_SELF = YES;
				CLANG_WARN_OBJC_LITERAL_CONVERSION = YES;
				CLANG_WARN_OBJC_ROOT_CLASS = YES_ERROR;
				CLANG_WARN_RANGE_LOOP_ANALYSIS = YES;
				CLANG_WARN_STRICT_PROTOTYPES = YES;
				CLANG_WARN_SUSPICIOUS_MOVE = YES;
				CLANG_WARN_UNGUARDED_AVAILABILITY = YES_AGGRESSIVE;
				CLANG_WARN_UNREACHABLE_CODE = YES;
				CLANG_WARN__DUPLICATE_METHOD_MATCH = YES;
				COPY_PHASE_STRIP = NO;
				DEBUG_INFORMATION_FORMAT = "dwarf-with-dsym";
				ENABLE_NS_ASSERTIONS = NO;
				ENABLE_STRICT_OBJC_MSGSEND = YES;
				GCC_C_LANGUAGE_STANDARD = gnu11;
				GCC_NO_COMMON_BLOCKS = YES;
				GCC_WARN_64_TO_32_BIT_CONVERSION = YES;
				GCC_WARN_ABOUT_RETURN_TYPE = YES_ERROR;
				GCC_WARN_UNDECLARED_SELECTOR = YES;
				GCC_WARN_UNINITIALIZED_AUTOS = YES_AGGRESSIVE;
				GCC_WARN_UNUSED_FUNCTION = YES;
				GCC_WARN_UNUSED_VARIABLE = YES;
				IPHONEOS_DEPLOYMENT_TARGET = 13.2;
				MTL_ENABLE_DEBUG_INFO = NO;
				MTL_FAST_MATH = YES;
				SDKROOT = iphoneos;
				SWIFT_COMPILATION_MODE = wholemodule;
				SWIFT_OPTIMIZATION_LEVEL = "-O";
				VALIDATE_PRODUCT = YES;
			};
			name = Release;
		};
		A743A14C23F0208B004FF69B /* Debug */ = {
			isa = XCBuildConfiguration;
			buildSettings = {
				ASSETCATALOG_COMPILER_APPICON_NAME = AppIcon;
				CODE_SIGN_STYLE = Automatic;
				DEVELOPMENT_TEAM = 649FAN542R;
				INFOPLIST_FILE = rush00/Info.plist;
				LD_RUNPATH_SEARCH_PATHS = (
					"$(inherited)",
					"@executable_path/Frameworks",
				);
				PRODUCT_BUNDLE_IDENTIFIER = msaliuta.rush00;
				PRODUCT_NAME = "$(TARGET_NAME)";
				SWIFT_VERSION = 5.0;
				TARGETED_DEVICE_FAMILY = "1,2";
			};
			name = Debug;
		};
		A743A14D23F0208B004FF69B /* Release */ = {
			isa = XCBuildConfiguration;
			buildSettings = {
				ASSETCATALOG_COMPILER_APPICON_NAME = AppIcon;
				CODE_SIGN_STYLE = Automatic;
				DEVELOPMENT_TEAM = 649FAN542R;
				INFOPLIST_FILE = rush00/Info.plist;
				LD_RUNPATH_SEARCH_PATHS = (
					"$(inherited)",
					"@executable_path/Frameworks",
				);
				PRODUCT_BUNDLE_IDENTIFIER = msaliuta.rush00;
				PRODUCT_NAME = "$(TARGET_NAME)";
				SWIFT_VERSION = 5.0;
				TARGETED_DEVICE_FAMILY = "1,2";
			};
			name = Release;
		};
/* End XCBuildConfiguration section */

/* Begin XCConfigurationList section */
		A743A13223F02081004FF69B /* Build configuration list for PBXProject "rush00" */ = {
			isa = XCConfigurationList;
			buildConfigurations = (
				A743A14923F0208B004FF69B /* Debug */,
				A743A14A23F0208B004FF69B /* Release */,
			);
			defaultConfigurationIsVisible = 0;
			defaultConfigurationName = Release;
		};
		A743A14B23F0208B004FF69B /* Build configuration list for PBXNativeTarget "rush00" */ = {
			isa = XCConfigurationList;
			buildConfigurations = (
				A743A14C23F0208B004FF69B /* Debug */,
				A743A14D23F0208B004FF69B /* Release */,
			);
			defaultConfigurationIsVisible = 0;
			defaultConfigurationName = Release;
		};
/* End XCConfigurationList section */
	};
	rootObject = A743A12F23F02081004FF69B /* Project object */;
}
