// !$*UTF8*$!
{
	archiveVersion = 1;
	classes = {
	};
	objectVersion = 50;
	objects = {

/* Begin PBXBuildFile section */
		A7F211B823ED635800F8C459 /* AppDelegate.swift in Sources */ = {isa = PBXBuildFile; fileRef = A7F211B723ED635800F8C459 /* AppDelegate.swift */; };
		A7F211BA23ED635800F8C459 /* SceneDelegate.swift in Sources */ = {isa = PBXBuildFile; fileRef = A7F211B923ED635800F8C459 /* SceneDelegate.swift */; };
		A7F211BC23ED635800F8C459 /* ViewController.swift in Sources */ = {isa = PBXBuildFile; fileRef = A7F211BB23ED635800F8C459 /* ViewController.swift */; };
		A7F211BF23ED635800F8C459 /* Main.storyboard in Resources */ = {isa = PBXBuildFile; fileRef = A7F211BD23ED635800F8C459 /* Main.storyboard */; };
		A7F211C123ED636400F8C459 /* Assets.xcassets in Resources */ = {isa = PBXBuildFile; fileRef = A7F211C023ED636400F8C459 /* Assets.xcassets */; };
		A7F211C423ED636400F8C459 /* LaunchScreen.storyboard in Resources */ = {isa = PBXBuildFile; fileRef = A7F211C223ED636400F8C459 /* LaunchScreen.storyboard */; };
		A7F211D623EDAE4700F8C459 /* CollectionViewCell.swift in Sources */ = {isa = PBXBuildFile; fileRef = A7F211D523EDAE4700F8C459 /* CollectionViewCell.swift */; };
/* End PBXBuildFile section */

/* Begin PBXFileReference section */
		A7F211B423ED635800F8C459 /* APM.app */ = {isa = PBXFileReference; explicitFileType = wrapper.application; includeInIndex = 0; path = APM.app; sourceTree = BUILT_PRODUCTS_DIR; };
		A7F211B723ED635800F8C459 /* AppDelegate.swift */ = {isa = PBXFileReference; lastKnownFileType = sourcecode.swift; path = AppDelegate.swift; sourceTree = "<group>"; };
		A7F211B923ED635800F8C459 /* SceneDelegate.swift */ = {isa = PBXFileReference; lastKnownFileType = sourcecode.swift; path = SceneDelegate.swift; sourceTree = "<group>"; };
		A7F211BB23ED635800F8C459 /* ViewController.swift */ = {isa = PBXFileReference; lastKnownFileType = sourcecode.swift; path = ViewController.swift; sourceTree = "<group>"; };
		A7F211BE23ED635800F8C459 /* Base */ = {isa = PBXFileReference; lastKnownFileType = file.storyboard; name = Base; path = Base.lproj/Main.storyboard; sourceTree = "<group>"; };
		A7F211C023ED636400F8C459 /* Assets.xcassets */ = {isa = PBXFileReference; lastKnownFileType = folder.assetcatalog; path = Assets.xcassets; sourceTree = "<group>"; };
		A7F211C323ED636400F8C459 /* Base */ = {isa = PBXFileReference; lastKnownFileType = file.storyboard; name = Base; path = Base.lproj/LaunchScreen.storyboard; sourceTree = "<group>"; };
		A7F211C523ED636400F8C459 /* Info.plist */ = {isa = PBXFileReference; lastKnownFileType = text.plist.xml; path = Info.plist; sourceTree = "<group>"; };
		A7F211D523EDAE4700F8C459 /* CollectionViewCell.swift */ = {isa = PBXFileReference; lastKnownFileType = sourcecode.swift; path = CollectionViewCell.swift; sourceTree = "<group>"; };
/* End PBXFileReference section */

/* Begin PBXFrameworksBuildPhase section */
		A7F211B123ED635800F8C459 /* Frameworks */ = {
			isa = PBXFrameworksBuildPhase;
			buildActionMask = 2147483647;
			files = (
			);
			runOnlyForDeploymentPostprocessing = 0;
		};
/* End PBXFrameworksBuildPhase section */

/* Begin PBXGroup section */
		A7F211AB23ED635800F8C459 = {
			isa = PBXGroup;
			children = (
				A7F211B623ED635800F8C459 /* APM */,
				A7F211B523ED635800F8C459 /* Products */,
			);
			sourceTree = "<group>";
		};
		A7F211B523ED635800F8C459 /* Products */ = {
			isa = PBXGroup;
			children = (
				A7F211B423ED635800F8C459 /* APM.app */,
			);
			name = Products;
			sourceTree = "<group>";
		};
		A7F211B623ED635800F8C459 /* APM */ = {
			isa = PBXGroup;
			children = (
				A7F211B723ED635800F8C459 /* AppDelegate.swift */,
				A7F211B923ED635800F8C459 /* SceneDelegate.swift */,
				A7F211BD23ED635800F8C459 /* Main.storyboard */,
				A7F211BB23ED635800F8C459 /* ViewController.swift */,
				A7F211D523EDAE4700F8C459 /* CollectionViewCell.swift */,
				A7F211C023ED636400F8C459 /* Assets.xcassets */,
				A7F211C223ED636400F8C459 /* LaunchScreen.storyboard */,
				A7F211C523ED636400F8C459 /* Info.plist */,
			);
			path = APM;
			sourceTree = "<group>";
		};
/* End PBXGroup section */

/* Begin PBXNativeTarget section */
		A7F211B323ED635800F8C459 /* APM */ = {
			isa = PBXNativeTarget;
			buildConfigurationList = A7F211C823ED636400F8C459 /* Build configuration list for PBXNativeTarget "APM" */;
			buildPhases = (
				A7F211B023ED635800F8C459 /* Sources */,
				A7F211B123ED635800F8C459 /* Frameworks */,
				A7F211B223ED635800F8C459 /* Resources */,
			);
			buildRules = (
			);
			dependencies = (
			);
			name = APM;
			productName = APM;
			productReference = A7F211B423ED635800F8C459 /* APM.app */;
			productType = "com.apple.product-type.application";
		};
/* End PBXNativeTarget section */

/* Begin PBXProject section */
		A7F211AC23ED635800F8C459 /* Project object */ = {
			isa = PBXProject;
			attributes = {
				LastSwiftUpdateCheck = 1130;
				LastUpgradeCheck = 1130;
				ORGANIZATIONNAME = "Maksym SALIUTA";
				TargetAttributes = {
					A7F211B323ED635800F8C459 = {
						CreatedOnToolsVersion = 11.3;
					};
				};
			};
			buildConfigurationList = A7F211AF23ED635800F8C459 /* Build configuration list for PBXProject "APM" */;
			compatibilityVersion = "Xcode 9.3";
			developmentRegion = en;
			hasScannedForEncodings = 0;
			knownRegions = (
				en,
				Base,
			);
			mainGroup = A7F211AB23ED635800F8C459;
			productRefGroup = A7F211B523ED635800F8C459 /* Products */;
			projectDirPath = "";
			projectRoot = "";
			targets = (
				A7F211B323ED635800F8C459 /* APM */,
			);
		};
/* End PBXProject section */

/* Begin PBXResourcesBuildPhase section */
		A7F211B223ED635800F8C459 /* Resources */ = {
			isa = PBXResourcesBuildPhase;
			buildActionMask = 2147483647;
			files = (
				A7F211C423ED636400F8C459 /* LaunchScreen.storyboard in Resources */,
				A7F211C123ED636400F8C459 /* Assets.xcassets in Resources */,
				A7F211BF23ED635800F8C459 /* Main.storyboard in Resources */,
			);
			runOnlyForDeploymentPostprocessing = 0;
		};
/* End PBXResourcesBuildPhase section */

/* Begin PBXSourcesBuildPhase section */
		A7F211B023ED635800F8C459 /* Sources */ = {
			isa = PBXSourcesBuildPhase;
			buildActionMask = 2147483647;
			files = (
				A7F211BC23ED635800F8C459 /* ViewController.swift in Sources */,
				A7F211B823ED635800F8C459 /* AppDelegate.swift in Sources */,
				A7F211D623EDAE4700F8C459 /* CollectionViewCell.swift in Sources */,
				A7F211BA23ED635800F8C459 /* SceneDelegate.swift in Sources */,
			);
			runOnlyForDeploymentPostprocessing = 0;
		};
/* End PBXSourcesBuildPhase section */

/* Begin PBXVariantGroup section */
		A7F211BD23ED635800F8C459 /* Main.storyboard */ = {
			isa = PBXVariantGroup;
			children = (
				A7F211BE23ED635800F8C459 /* Base */,
			);
			name = Main.storyboard;
			sourceTree = "<group>";
		};
		A7F211C223ED636400F8C459 /* LaunchScreen.storyboard */ = {
			isa = PBXVariantGroup;
			children = (
				A7F211C323ED636400F8C459 /* Base */,
			);
			name = LaunchScreen.storyboard;
			sourceTree = "<group>";
		};
/* End PBXVariantGroup section */

/* Begin XCBuildConfiguration section */
		A7F211C623ED636400F8C459 /* Debug */ = {
			isa = XCBuildConfiguration;
			buildSettings = {
				ALWAYS_SEARCH_USER_PATHS = NO;
				CLANG_ANALYZER_NONNULL = YES;
				CLANG_ANALYZER_NUMBER_OBJECT_CONVERSION = YES_AGGRESSIVE;
				CLANG_CXX_LANGUAGE_STANDARD = "gnu++14";
				CLANG_CXX_LIBRARY = "libc++";
				CLANG_ENABLE_MODULES = YES;
				CLANG_ENABLE_OBJC_ARC = YES;
				CLANG_ENABLE_OBJC_WEAK = YES;
				CLANG_WARN_BLOCK_CAPTURE_AUTORELEASING = YES;
				CLANG_WARN_BOOL_CONVERSION = YES;
				CLANG_WARN_COMMA = YES;
				CLANG_WARN_CONSTANT_CONVERSION = YES;
				CLANG_WARN_DEPRECATED_OBJC_IMPLEMENTATIONS = YES;
				CLANG_WARN_DIRECT_OBJC_ISA_USAGE = YES_ERROR;
				CLANG_WARN_DOCUMENTATION_COMMENTS = YES;
				CLANG_WARN_EMPTY_BODY = YES;
				CLANG_WARN_ENUM_CONVERSION = YES;
				CLANG_WARN_INFINITE_RECURSION = YES;
				CLANG_WARN_INT_CONVERSION = YES;
				CLANG_WARN_NON_LITERAL_NULL_CONVERSION = YES;
				CLANG_WARN_OBJC_IMPLICIT_RETAIN_SELF = YES;
				CLANG_WARN_OBJC_LITERAL_CONVERSION = YES;
				CLANG_WARN_OBJC_ROOT_CLASS = YES_ERROR;
				CLANG_WARN_RANGE_LOOP_ANALYSIS = YES;
				CLANG_WARN_STRICT_PROTOTYPES = YES;
				CLANG_WARN_SUSPICIOUS_MOVE = YES;
				CLANG_WARN_UNGUARDED_AVAILABILITY = YES_AGGRESSIVE;
				CLANG_WARN_UNREACHABLE_CODE = YES;
				CLANG_WARN__DUPLICATE_METHOD_MATCH = YES;
				COPY_PHASE_STRIP = NO;
				DEBUG_INFORMATION_FORMAT = dwarf;
				ENABLE_STRICT_OBJC_MSGSEND = YES;
				ENABLE_TESTABILITY = YES;
				GCC_C_LANGUAGE_STANDARD = gnu11;
				GCC_DYNAMIC_NO_PIC = NO;
				GCC_NO_COMMON_BLOCKS = YES;
				GCC_OPTIMIZATION_LEVEL = 0;
				GCC_PREPROCESSOR_DEFINITIONS = (
					"DEBUG=1",
					"$(inherited)",
				);
				GCC_WARN_64_TO_32_BIT_CONVERSION = YES;
				GCC_WARN_ABOUT_RETURN_TYPE = YES_ERROR;
				GCC_WARN_UNDECLARED_SELECTOR = YES;
				GCC_WARN_UNINITIALIZED_AUTOS = YES_AGGRESSIVE;
				GCC_WARN_UNUSED_FUNCTION = YES;
				GCC_WARN_UNUSED_VARIABLE = YES;
				IPHONEOS_DEPLOYMENT_TARGET = 13.2;
				MTL_ENABLE_DEBUG_INFO = INCLUDE_SOURCE;
				MTL_FAST_MATH = YES;
				ONLY_ACTIVE_ARCH = YES;
				SDKROOT = iphoneos;
				SWIFT_ACTIVE_COMPILATION_CONDITIONS = DEBUG;
				SWIFT_OPTIMIZATION_LEVEL = "-Onone";
			};
			name = Debug;
		};
		A7F211C723ED636400F8C459 /* Release */ = {
			isa = XCBuildConfiguration;
			buildSettings = {
				ALWAYS_SEARCH_USER_PATHS = NO;
				CLANG_ANALYZER_NONNULL = YES;
				CLANG_ANALYZER_NUMBER_OBJECT_CONVERSION = YES_AGGRESSIVE;
				CLANG_CXX_LANGUAGE_STANDARD = "gnu++14";
				CLANG_CXX_LIBRARY = "libc++";
				CLANG_ENABLE_MODULES = YES;
				CLANG_ENABLE_OBJC_ARC = YES;
				CLANG_ENABLE_OBJC_WEAK = YES;
				CLANG_WARN_BLOCK_CAPTURE_AUTORELEASING = YES;
				CLANG_WARN_BOOL_CONVERSION = YES;
				CLANG_WARN_COMMA = YES;
				CLANG_WARN_CONSTANT_CONVERSION = YES;
				CLANG_WARN_DEPRECATED_OBJC_IMPLEMENTATIONS = YES;
				CLANG_WARN_DIRECT_OBJC_ISA_USAGE = YES_ERROR;
				CLANG_WARN_DOCUMENTATION_COMMENTS = YES;
				CLANG_WARN_EMPTY_BODY = YES;
				CLANG_WARN_ENUM_CONVERSION = YES;
				CLANG_WARN_INFINITE_RECURSION = YES;
				CLANG_WARN_INT_CONVERSION = YES;
				CLANG_WARN_NON_LITERAL_NULL_CONVERSION = YES;
				CLANG_WARN_OBJC_IMPLICIT_RETAIN_SELF = YES;
				CLANG_WARN_OBJC_LITERAL_CONVERSION = YES;
				CLANG_WARN_OBJC_ROOT_CLASS = YES_ERROR;
				CLANG_WARN_RANGE_LOOP_ANALYSIS = YES;
				CLANG_WARN_STRICT_PROTOTYPES = YES;
				CLANG_WARN_SUSPICIOUS_MOVE = YES;
				CLANG_WARN_UNGUARDED_AVAILABILITY = YES_AGGRESSIVE;
				CLANG_WARN_UNREACHABLE_CODE = YES;
				CLANG_WARN__DUPLICATE_METHOD_MATCH = YES;
				COPY_PHASE_STRIP = NO;
				DEBUG_INFORMATION_FORMAT = "dwarf-with-dsym";
				ENABLE_NS_ASSERTIONS = NO;
				ENABLE_STRICT_OBJC_MSGSEND = YES;
				GCC_C_LANGUAGE_STANDARD = gnu11;
				GCC_NO_COMMON_BLOCKS = YES;
				GCC_WARN_64_TO_32_BIT_CONVERSION = YES;
				GCC_WARN_ABOUT_RETURN_TYPE = YES_ERROR;
				GCC_WARN_UNDECLARED_SELECTOR = YES;
				GCC_WARN_UNINITIALIZED_AUTOS = YES_AGGRESSIVE;
				GCC_WARN_UNUSED_FUNCTION = YES;
				GCC_WARN_UNUSED_VARIABLE = YES;
				IPHONEOS_DEPLOYMENT_TARGET = 13.2;
				MTL_ENABLE_DEBUG_INFO = NO;
				MTL_FAST_MATH = YES;
				SDKROOT = iphoneos;
				SWIFT_COMPILATION_MODE = wholemodule;
				SWIFT_OPTIMIZATION_LEVEL = "-O";
				VALIDATE_PRODUCT = YES;
			};
			name = Release;
		};
		A7F211C923ED636400F8C459 /* Debug */ = {
			isa = XCBuildConfiguration;
			buildSettings = {
				ASSETCATALOG_COMPILER_APPICON_NAME = AppIcon;
				CODE_SIGN_STYLE = Automatic;
				DEVELOPMENT_TEAM = 649FAN542R;
				INFOPLIST_FILE = APM/Info.plist;
				LD_RUNPATH_SEARCH_PATHS = (
					"$(inherited)",
					"@executable_path/Frameworks",
				);
				PRODUCT_BUNDLE_IDENTIFIER = msaliuta.APM;
				PRODUCT_NAME = "$(TARGET_NAME)";
				SWIFT_VERSION = 5.0;
				TARGETED_DEVICE_FAMILY = "1,2";
			};
			name = Debug;
		};
		A7F211CA23ED636400F8C459 /* Release */ = {
			isa = XCBuildConfiguration;
			buildSettings = {
				ASSETCATALOG_COMPILER_APPICON_NAME = AppIcon;
				CODE_SIGN_STYLE = Automatic;
				DEVELOPMENT_TEAM = 649FAN542R;
				INFOPLIST_FILE = APM/Info.plist;
				LD_RUNPATH_SEARCH_PATHS = (
					"$(inherited)",
					"@executable_path/Frameworks",
				);
				PRODUCT_BUNDLE_IDENTIFIER = msaliuta.APM;
				PRODUCT_NAME = "$(TARGET_NAME)";
				SWIFT_VERSION = 5.0;
				TARGETED_DEVICE_FAMILY = "1,2";
			};
			name = Release;
		};
/* End XCBuildConfiguration section */

/* Begin XCConfigurationList section */
		A7F211AF23ED635800F8C459 /* Build configuration list for PBXProject "APM" */ = {
			isa = XCConfigurationList;
			buildConfigurations = (
				A7F211C623ED636400F8C459 /* Debug */,
				A7F211C723ED636400F8C459 /* Release */,
			);
			defaultConfigurationIsVisible = 0;
			defaultConfigurationName = Release;
		};
		A7F211C823ED636400F8C459 /* Build configuration list for PBXNativeTarget "APM" */ = {
			isa = XCConfigurationList;
			buildConfigurations = (
				A7F211C923ED636400F8C459 /* Debug */,
				A7F211CA23ED636400F8C459 /* Release */,
			);
			defaultConfigurationIsVisible = 0;
			defaultConfigurationName = Release;
		};
/* End XCConfigurationList section */
	};
	rootObject = A7F211AC23ED635800F8C459 /* Project object */;
}
